{
  "version": 4,
  "terraform_version": "1.7.5",
  "serial": 13,
  "lineage": "97f26a0e-0313-24cc-ec52-e7e3883fc46b",
  "outputs": {},
  "resources": [
    {
      "mode": "managed",
      "type": "aws_iam_user",
      "name": "my_iam_user",
      "provider": "provider[\"registry.terraform.io/hashicorp/aws\"]",
      "instances": [
        {
          "index_key": "jerry",
          "schema_version": 0,
          "attributes": {
            "arn": "arn:aws:iam::272763436187:user/jerry",
            "force_destroy": false,
            "id": "jerry",
            "name": "jerry",
            "path": "/",
            "permissions_boundary": "",
            "tags": null,
            "tags_all": {},
            "unique_id": "AIDAT7APXXSN2MAU23XLM"
          },
          "sensitive_attributes": [],
          "private": "bnVsbA=="
        },
        {
          "index_key": "ranga",
          "schema_version": 0,
          "attributes": {
            "arn": "arn:aws:iam::272763436187:user/ranga",
            "force_destroy": false,
            "id": "ranga",
            "name": "ranga",
            "path": "/",
            "permissions_boundary": "",
            "tags": null,
            "tags_all": {},
            "unique_id": "AIDAT7APXXSNUGL473IA6"
          },
          "sensitive_attributes": [],
          "private": "bnVsbA=="
        },
        {
          "index_key": "sata",
          "schema_version": 0,
          "attributes": {
            "arn": "arn:aws:iam::272763436187:user/sata",
            "force_destroy": false,
            "id": "sata",
            "name": "sata",
            "path": "/",
            "permissions_boundary": "",
            "tags": null,
            "tags_all": {},
            "unique_id": "AIDAT7APXXSN2KRONNLXG"
          },
          "sensitive_attributes": [],
          "private": "bnVsbA=="
        },
        {
          "index_key": "tom",
          "schema_version": 0,
          "attributes": {
            "arn": "arn:aws:iam::272763436187:user/tom",
            "force_destroy": false,
            "id": "tom",
            "name": "tom",
            "path": "/",
            "permissions_boundary": "",
            "tags": null,
            "tags_all": {},
            "unique_id": "AIDAT7APXXSNYHWC5I2D4"
          },
          "sensitive_attributes": [],
          "private": "bnVsbA=="
        }
      ]
    }
  ],
  "check_results": null
}
