{
  "version": 4,
  "terraform_version": "1.7.5",
  "serial": 8,
  "lineage": "21bb23ea-47d9-0ff8-1ace-5a7b04d9339b",
  "outputs": {},
  "resources": [
    {
      "mode": "managed",
      "type": "aws_iam_user",
      "name": "my_iam_users",
      "provider": "provider[\"registry.terraform.io/hashicorp/aws\"]",
      "instances": [
        {
          "index_key": "jane",
          "schema_version": 0,
          "attributes": {
            "arn": "arn:aws:iam::272763436187:user/jane",
            "force_destroy": false,
            "id": "jane",
            "name": "jane",
            "path": "/",
            "permissions_boundary": "",
            "tags": {
              "country": "India",
              "department": "BSDVDA"
            },
            "tags_all": {
              "country": "India",
              "department": "BSDVDA"
            },
            "unique_id": "AIDAT7APXXSNZ7U62ODFK"
          },
          "sensitive_attributes": [],
          "private": "bnVsbA=="
        },
        {
          "index_key": "ravs",
          "schema_version": 0,
          "attributes": {
            "arn": "arn:aws:iam::272763436187:user/ravs",
            "force_destroy": false,
            "id": "ravs",
            "name": "ravs",
            "path": "/",
            "permissions_boundary": "",
            "tags": {
              "country": "Netherlands",
              "department": "BDA"
            },
            "tags_all": {
              "country": "Netherlands",
              "department": "BDA"
            },
            "unique_id": "AIDAT7APXXSN57Y4K3LD2"
          },
          "sensitive_attributes": [],
          "private": "bnVsbA=="
        },
        {
          "index_key": "tom",
          "schema_version": 0,
          "attributes": {
            "arn": "arn:aws:iam::272763436187:user/tom",
            "force_destroy": false,
            "id": "tom",
            "name": "tom",
            "path": "/",
            "permissions_boundary": "",
            "tags": {
              "country": "US",
              "department": "BDSA"
            },
            "tags_all": {
              "country": "US",
              "department": "BDSA"
            },
            "unique_id": "AIDAT7APXXSNX2PUH7XL7"
          },
          "sensitive_attributes": [],
          "private": "bnVsbA=="
        }
      ]
    }
  ],
  "check_results": null
}
