{
  "version": 4,
  "terraform_version": "1.7.5",
  "serial": 5,
  "lineage": "b49f544b-729a-e2d4-ee29-1f0af15e2a45",
  "outputs": {},
  "resources": [
    {
      "mode": "managed",
      "type": "aws_iam_user",
      "name": "my_iam_user",
      "provider": "provider[\"registry.terraform.io/hashicorp/aws\"]",
      "instances": [
        {
          "index_key": 0,
          "schema_version": 0,
          "attributes": {
            "arn": "arn:aws:iam::272763436187:user/my_iam_user_vinoth_0",
            "force_destroy": false,
            "id": "my_iam_user_vinoth_0",
            "name": "my_iam_user_vinoth_0",
            "path": "/",
            "permissions_boundary": "",
            "tags": null,
            "tags_all": {},
            "unique_id": "AIDAT7APXXSN5J7HGXYMD"
          },
          "sensitive_attributes": [],
          "private": "bnVsbA=="
        },
        {
          "index_key": 1,
          "schema_version": 0,
          "attributes": {
            "arn": "arn:aws:iam::272763436187:user/my_iam_user_vinoth_1",
            "force_destroy": false,
            "id": "my_iam_user_vinoth_1",
            "name": "my_iam_user_vinoth_1",
            "path": "/",
            "permissions_boundary": "",
            "tags": null,
            "tags_all": {},
            "unique_id": "AIDAT7APXXSN3A32PGAT6"
          },
          "sensitive_attributes": [],
          "private": "bnVsbA=="
        },
        {
          "index_key": 2,
          "schema_version": 0,
          "attributes": {
            "arn": "arn:aws:iam::272763436187:user/my_iam_user_vinoth_2",
            "force_destroy": false,
            "id": "my_iam_user_vinoth_2",
            "name": "my_iam_user_vinoth_2",
            "path": "/",
            "permissions_boundary": "",
            "tags": null,
            "tags_all": {},
            "unique_id": "AIDAT7APXXSNSSDE2MSHK"
          },
          "sensitive_attributes": [],
          "private": "bnVsbA=="
        }
      ]
    }
  ],
  "check_results": null
}
